
Microsoft Visual Studio Solution File, Format Version 12.00
Project("{FAE04EC0-301F-11D3-BF4B-00C04F79EFBC}") = "g2p-dotnet", "g2p-dotnet.csproj", "{4EF3B476-BDE2-44C7-81E2-FA8363E44BA3}"
EndProject
Global
	GlobalSection(SolutionConfigurationPlatforms) = preSolution
		Debug|Any CPU = Debug|Any CPU
		Release|Any CPU = Release|Any CPU
	EndGlobalSection
	GlobalSection(ProjectConfigurationPlatforms) = postSolution
		{4EF3B476-BDE2-44C7-81E2-FA8363E44BA3}.Debug|Any CPU.ActiveCfg = Debug|Any CPU
		{4EF3B476-BDE2-44C7-81E2-FA8363E44BA3}.Debug|Any CPU.Build.0 = Debug|Any CPU
		{4EF3B476-BDE2-44C7-81E2-FA8363E44BA3}.Release|Any CPU.ActiveCfg = Release|Any CPU
		{4EF3B476-BDE2-44C7-81E2-FA8363E44BA3}.Release|Any CPU.Build.0 = Release|Any CPU
	EndGlobalSection
EndGlobal
